
Microsoft Visual Studio Solution File, Format Version 12.00
# Visual Studio Version 17
VisualStudioVersion = 17.5.33424.131
MinimumVisualStudioVersion = 10.0.40219.1
Project("{9A19103F-16F7-4668-BE54-9A1E7A4F7556}") = "Coursework.API", "Coursework.API\Coursework.API.csproj", "{B8AA101D-C400-4772-AA6A-A09AB5625AE5}"
EndProject
Project("{9A19103F-16F7-4668-BE54-9A1E7A4F7556}") = "Coursework.Infrastructure", "Coursework.Infrastructure\Coursework.Infrastructure.csproj", "{B0E7AFFF-6AD5-423E-8E6C-F03B1E80A975}"
EndProject
Project("{9A19103F-16F7-4668-BE54-9A1E7A4F7556}") = "Coursework.Domain", "Coursework.Domain\Coursework.Domain.csproj", "{4F1796DC-E480-4BC0-AEE5-62BE1F423225}"
EndProject
Project("{9A19103F-16F7-4668-BE54-9A1E7A4F7556}") = "Coursework.Application", "Coursework.Application\Coursework.Application.csproj", "{24416EBD-18AC-4700-AA03-E983CB9DA266}"
EndProject
Project("{9A19103F-16F7-4668-BE54-9A1E7A4F7556}") = "Coursework.Presentation", "Coursework.Presentation\Coursework.Presentation.csproj", "{9B0AD6E3-F921-4909-B67E-D0F2A9DEE7FD}"
EndProject
Global
	GlobalSection(SolutionConfigurationPlatforms) = preSolution
		Debug|Any CPU = Debug|Any CPU
		Release|Any CPU = Release|Any CPU
	EndGlobalSection
	GlobalSection(ProjectConfigurationPlatforms) = postSolution
		{B8AA101D-C400-4772-AA6A-A09AB5625AE5}.Debug|Any CPU.ActiveCfg = Debug|Any CPU
		{B8AA101D-C400-4772-AA6A-A09AB5625AE5}.Debug|Any CPU.Build.0 = Debug|Any CPU
		{B8AA101D-C400-4772-AA6A-A09AB5625AE5}.Release|Any CPU.ActiveCfg = Release|Any CPU
		{B8AA101D-C400-4772-AA6A-A09AB5625AE5}.Release|Any CPU.Build.0 = Release|Any CPU
		{B0E7AFFF-6AD5-423E-8E6C-F03B1E80A975}.Debug|Any CPU.ActiveCfg = Debug|Any CPU
		{B0E7AFFF-6AD5-423E-8E6C-F03B1E80A975}.Debug|Any CPU.Build.0 = Debug|Any CPU
		{B0E7AFFF-6AD5-423E-8E6C-F03B1E80A975}.Release|Any CPU.ActiveCfg = Release|Any CPU
		{B0E7AFFF-6AD5-423E-8E6C-F03B1E80A975}.Release|Any CPU.Build.0 = Release|Any CPU
		{4F1796DC-E480-4BC0-AEE5-62BE1F423225}.Debug|Any CPU.ActiveCfg = Debug|Any CPU
		{4F1796DC-E480-4BC0-AEE5-62BE1F423225}.Debug|Any CPU.Build.0 = Debug|Any CPU
		{4F1796DC-E480-4BC0-AEE5-62BE1F423225}.Release|Any CPU.ActiveCfg = Release|Any CPU
		{4F1796DC-E480-4BC0-AEE5-62BE1F423225}.Release|Any CPU.Build.0 = Release|Any CPU
		{24416EBD-18AC-4700-AA03-E983CB9DA266}.Debug|Any CPU.ActiveCfg = Debug|Any CPU
		{24416EBD-18AC-4700-AA03-E983CB9DA266}.Debug|Any CPU.Build.0 = Debug|Any CPU
		{24416EBD-18AC-4700-AA03-E983CB9DA266}.Release|Any CPU.ActiveCfg = Release|Any CPU
		{24416EBD-18AC-4700-AA03-E983CB9DA266}.Release|Any CPU.Build.0 = Release|Any CPU
		{9B0AD6E3-F921-4909-B67E-D0F2A9DEE7FD}.Debug|Any CPU.ActiveCfg = Debug|Any CPU
		{9B0AD6E3-F921-4909-B67E-D0F2A9DEE7FD}.Debug|Any CPU.Build.0 = Debug|Any CPU
		{9B0AD6E3-F921-4909-B67E-D0F2A9DEE7FD}.Release|Any CPU.ActiveCfg = Release|Any CPU
		{9B0AD6E3-F921-4909-B67E-D0F2A9DEE7FD}.Release|Any CPU.Build.0 = Release|Any CPU
	EndGlobalSection
	GlobalSection(SolutionProperties) = preSolution
		HideSolutionNode = FALSE
	EndGlobalSection
	GlobalSection(ExtensibilityGlobals) = postSolution
		SolutionGuid = {EEFC895E-FCA7-4626-BA50-AD9950AAEC10}
	EndGlobalSection
EndGlobal
